// !$*UTF8*$!
{
	archiveVersion = 1;
	classes = {
	};
	objectVersion = 56;
	objects = {

/* Begin PBXBuildFile section */
		8F46B87C2BB8A1E3004EB91D /* landmarksJonahWApp.swift in Sources */ = {isa = PBXBuildFile; fileRef = 8F46B87B2BB8A1E3004EB91D /* landmarksJonahWApp.swift */; };
		8F46B87E2BB8A1E3004EB91D /* ContentView.swift in Sources */ = {isa = PBXBuildFile; fileRef = 8F46B87D2BB8A1E3004EB91D /* ContentView.swift */; };
		8F46B8802BB8A1E6004EB91D /* Assets.xcassets in Resources */ = {isa = PBXBuildFile; fileRef = 8F46B87F2BB8A1E6004EB91D /* Assets.xcassets */; };
		8F46B8832BB8A1E6004EB91D /* Preview Assets.xcassets in Resources */ = {isa = PBXBuildFile; fileRef = 8F46B8822BB8A1E6004EB91D /* Preview Assets.xcassets */; };
		8F46B88D2BB8A1E6004EB91D /* landmarksJonahWTests.swift in Sources */ = {isa = PBXBuildFile; fileRef = 8F46B88C2BB8A1E6004EB91D /* landmarksJonahWTests.swift */; };
		8F46B8972BB8A1E6004EB91D /* landmarksJonahWUITests.swift in Sources */ = {isa = PBXBuildFile; fileRef = 8F46B8962BB8A1E6004EB91D /* landmarksJonahWUITests.swift */; };
		8F46B8992BB8A1E6004EB91D /* landmarksJonahWUITestsLaunchTests.swift in Sources */ = {isa = PBXBuildFile; fileRef = 8F46B8982BB8A1E6004EB91D /* landmarksJonahWUITestsLaunchTests.swift */; };
		8F46B8A62BB8A713004EB91D /* CircleImage.swift in Sources */ = {isa = PBXBuildFile; fileRef = 8F46B8A52BB8A713004EB91D /* CircleImage.swift */; };
		8F46B8A82BB8A869004EB91D /* MapView.swift in Sources */ = {isa = PBXBuildFile; fileRef = 8F46B8A72BB8A869004EB91D /* MapView.swift */; };
		8F46B8AA2BB8AD64004EB91D /* landmarkData.json in Resources */ = {isa = PBXBuildFile; fileRef = 8F46B8A92BB8AD64004EB91D /* landmarkData.json */; };
		8F46B8AC2BB8ADA1004EB91D /* Landmark.swift in Sources */ = {isa = PBXBuildFile; fileRef = 8F46B8AB2BB8ADA1004EB91D /* Landmark.swift */; };
		8F46B8AE2BB8AFBB004EB91D /* ModelData.swift in Sources */ = {isa = PBXBuildFile; fileRef = 8F46B8AD2BB8AFBB004EB91D /* ModelData.swift */; };
		8F46B8B32BB8B3FF004EB91D /* LandmarkRow.swift in Sources */ = {isa = PBXBuildFile; fileRef = 8F46B8B22BB8B3FF004EB91D /* LandmarkRow.swift */; };
		8F46B8B52BB8B6E5004EB91D /* LandmarkList.swift in Sources */ = {isa = PBXBuildFile; fileRef = 8F46B8B42BB8B6E5004EB91D /* LandmarkList.swift */; };
		8F46B8B72BB8B8D2004EB91D /* LandmarkDetail.swift in Sources */ = {isa = PBXBuildFile; fileRef = 8F46B8B62BB8B8D2004EB91D /* LandmarkDetail.swift */; };
		8F80B5D02BBB2C7500FF47D3 /* FavoriteButton.swift in Sources */ = {isa = PBXBuildFile; fileRef = 8F80B5CF2BBB2C7500FF47D3 /* FavoriteButton.swift */; };
/* End PBXBuildFile section */

/* Begin PBXContainerItemProxy section */
		8F46B8892BB8A1E6004EB91D /* PBXContainerItemProxy */ = {
			isa = PBXContainerItemProxy;
			containerPortal = 8F46B8702BB8A1E3004EB91D /* Project object */;
			proxyType = 1;
			remoteGlobalIDString = 8F46B8772BB8A1E3004EB91D;
			remoteInfo = landmarksJonahW;
		};
		8F46B8932BB8A1E6004EB91D /* PBXContainerItemProxy */ = {
			isa = PBXContainerItemProxy;
			containerPortal = 8F46B8702BB8A1E3004EB91D /* Project object */;
			proxyType = 1;
			remoteGlobalIDString = 8F46B8772BB8A1E3004EB91D;
			remoteInfo = landmarksJonahW;
		};
/* End PBXContainerItemProxy section */

/* Begin PBXFileReference section */
		8F46B8782BB8A1E3004EB91D /* landmarksJonahW.app */ = {isa = PBXFileReference; explicitFileType = wrapper.application; includeInIndex = 0; path = landmarksJonahW.app; sourceTree = BUILT_PRODUCTS_DIR; };
		8F46B87B2BB8A1E3004EB91D /* landmarksJonahWApp.swift */ = {isa = PBXFileReference; lastKnownFileType = sourcecode.swift; path = landmarksJonahWApp.swift; sourceTree = "<group>"; };
		8F46B87D2BB8A1E3004EB91D /* ContentView.swift */ = {isa = PBXFileReference; lastKnownFileType = sourcecode.swift; path = ContentView.swift; sourceTree = "<group>"; };
		8F46B87F2BB8A1E6004EB91D /* Assets.xcassets */ = {isa = PBXFileReference; lastKnownFileType = folder.assetcatalog; path = Assets.xcassets; sourceTree = "<group>"; };
		8F46B8822BB8A1E6004EB91D /* Preview Assets.xcassets */ = {isa = PBXFileReference; lastKnownFileType = folder.assetcatalog; path = "Preview Assets.xcassets"; sourceTree = "<group>"; };
		8F46B8882BB8A1E6004EB91D /* landmarksJonahWTests.xctest */ = {isa = PBXFileReference; explicitFileType = wrapper.cfbundle; includeInIndex = 0; path = landmarksJonahWTests.xctest; sourceTree = BUILT_PRODUCTS_DIR; };
		8F46B88C2BB8A1E6004EB91D /* landmarksJonahWTests.swift */ = {isa = PBXFileReference; lastKnownFileType = sourcecode.swift; path = landmarksJonahWTests.swift; sourceTree = "<group>"; };
		8F46B8922BB8A1E6004EB91D /* landmarksJonahWUITests.xctest */ = {isa = PBXFileReference; explicitFileType = wrapper.cfbundle; includeInIndex = 0; path = landmarksJonahWUITests.xctest; sourceTree = BUILT_PRODUCTS_DIR; };
		8F46B8962BB8A1E6004EB91D /* landmarksJonahWUITests.swift */ = {isa = PBXFileReference; lastKnownFileType = sourcecode.swift; path = landmarksJonahWUITests.swift; sourceTree = "<group>"; };
		8F46B8982BB8A1E6004EB91D /* landmarksJonahWUITestsLaunchTests.swift */ = {isa = PBXFileReference; lastKnownFileType = sourcecode.swift; path = landmarksJonahWUITestsLaunchTests.swift; sourceTree = "<group>"; };
		8F46B8A52BB8A713004EB91D /* CircleImage.swift */ = {isa = PBXFileReference; lastKnownFileType = sourcecode.swift; path = CircleImage.swift; sourceTree = "<group>"; };
		8F46B8A72BB8A869004EB91D /* MapView.swift */ = {isa = PBXFileReference; lastKnownFileType = sourcecode.swift; path = MapView.swift; sourceTree = "<group>"; };
		8F46B8A92BB8AD64004EB91D /* landmarkData.json */ = {isa = PBXFileReference; fileEncoding = 4; lastKnownFileType = text.json; path = landmarkData.json; sourceTree = "<group>"; };
		8F46B8AB2BB8ADA1004EB91D /* Landmark.swift */ = {isa = PBXFileReference; lastKnownFileType = sourcecode.swift; path = Landmark.swift; sourceTree = "<group>"; };
		8F46B8AD2BB8AFBB004EB91D /* ModelData.swift */ = {isa = PBXFileReference; lastKnownFileType = sourcecode.swift; path = ModelData.swift; sourceTree = "<group>"; };
		8F46B8B22BB8B3FF004EB91D /* LandmarkRow.swift */ = {isa = PBXFileReference; lastKnownFileType = sourcecode.swift; path = LandmarkRow.swift; sourceTree = "<group>"; };
		8F46B8B42BB8B6E5004EB91D /* LandmarkList.swift */ = {isa = PBXFileReference; lastKnownFileType = sourcecode.swift; path = LandmarkList.swift; sourceTree = "<group>"; };
		8F46B8B62BB8B8D2004EB91D /* LandmarkDetail.swift */ = {isa = PBXFileReference; lastKnownFileType = sourcecode.swift; path = LandmarkDetail.swift; sourceTree = "<group>"; };
		8F80B5CF2BBB2C7500FF47D3 /* FavoriteButton.swift */ = {isa = PBXFileReference; lastKnownFileType = sourcecode.swift; path = FavoriteButton.swift; sourceTree = "<group>"; };
/* End PBXFileReference section */

/* Begin PBXFrameworksBuildPhase section */
		8F46B8752BB8A1E3004EB91D /* Frameworks */ = {
			isa = PBXFrameworksBuildPhase;
			buildActionMask = 2147483647;
			files = (
			);
			runOnlyForDeploymentPostprocessing = 0;
		};
		8F46B8852BB8A1E6004EB91D /* Frameworks */ = {
			isa = PBXFrameworksBuildPhase;
			buildActionMask = 2147483647;
			files = (
			);
			runOnlyForDeploymentPostprocessing = 0;
		};
		8F46B88F2BB8A1E6004EB91D /* Frameworks */ = {
			isa = PBXFrameworksBuildPhase;
			buildActionMask = 2147483647;
			files = (
			);
			runOnlyForDeploymentPostprocessing = 0;
		};
/* End PBXFrameworksBuildPhase section */

/* Begin PBXGroup section */
		8F46B86F2BB8A1E3004EB91D = {
			isa = PBXGroup;
			children = (
				8F46B87A2BB8A1E3004EB91D /* landmarksJonahW */,
				8F46B88B2BB8A1E6004EB91D /* landmarksJonahWTests */,
				8F46B8952BB8A1E6004EB91D /* landmarksJonahWUITests */,
				8F46B8792BB8A1E3004EB91D /* Products */,
			);
			sourceTree = "<group>";
		};
		8F46B8792BB8A1E3004EB91D /* Products */ = {
			isa = PBXGroup;
			children = (
				8F46B8782BB8A1E3004EB91D /* landmarksJonahW.app */,
				8F46B8882BB8A1E6004EB91D /* landmarksJonahWTests.xctest */,
				8F46B8922BB8A1E6004EB91D /* landmarksJonahWUITests.xctest */,
			);
			name = Products;
			sourceTree = "<group>";
		};
		8F46B87A2BB8A1E3004EB91D /* landmarksJonahW */ = {
			isa = PBXGroup;
			children = (
				8F46B87B2BB8A1E3004EB91D /* landmarksJonahWApp.swift */,
				8F46B8AF2BB8B30B004EB91D /* Views */,
				8F46B8B02BB8B337004EB91D /* Model */,
				8F46B8B12BB8B34B004EB91D /* Resources */,
				8F46B87F2BB8A1E6004EB91D /* Assets.xcassets */,
				8F46B8812BB8A1E6004EB91D /* Preview Content */,
			);
			path = landmarksJonahW;
			sourceTree = "<group>";
		};
		8F46B8812BB8A1E6004EB91D /* Preview Content */ = {
			isa = PBXGroup;
			children = (
				8F46B8822BB8A1E6004EB91D /* Preview Assets.xcassets */,
			);
			path = "Preview Content";
			sourceTree = "<group>";
		};
		8F46B88B2BB8A1E6004EB91D /* landmarksJonahWTests */ = {
			isa = PBXGroup;
			children = (
				8F46B88C2BB8A1E6004EB91D /* landmarksJonahWTests.swift */,
			);
			path = landmarksJonahWTests;
			sourceTree = "<group>";
		};
		8F46B8952BB8A1E6004EB91D /* landmarksJonahWUITests */ = {
			isa = PBXGroup;
			children = (
				8F46B8962BB8A1E6004EB91D /* landmarksJonahWUITests.swift */,
				8F46B8982BB8A1E6004EB91D /* landmarksJonahWUITestsLaunchTests.swift */,
			);
			path = landmarksJonahWUITests;
			sourceTree = "<group>";
		};
		8F46B8AF2BB8B30B004EB91D /* Views */ = {
			isa = PBXGroup;
			children = (
				8F46B87D2BB8A1E3004EB91D /* ContentView.swift */,
				8F80B5D22BBB2E1700FF47D3 /* Landmarks */,
				8F80B5D12BBB2DFA00FF47D3 /* Helpers */,
			);
			path = Views;
			sourceTree = "<group>";
		};
		8F46B8B02BB8B337004EB91D /* Model */ = {
			isa = PBXGroup;
			children = (
				8F46B8AD2BB8AFBB004EB91D /* ModelData.swift */,
				8F46B8AB2BB8ADA1004EB91D /* Landmark.swift */,
			);
			path = Model;
			sourceTree = "<group>";
		};
		8F46B8B12BB8B34B004EB91D /* Resources */ = {
			isa = PBXGroup;
			children = (
				8F46B8A92BB8AD64004EB91D /* landmarkData.json */,
			);
			path = Resources;
			sourceTree = "<group>";
		};
		8F80B5D12BBB2DFA00FF47D3 /* Helpers */ = {
			isa = PBXGroup;
			children = (
				8F46B8A52BB8A713004EB91D /* CircleImage.swift */,
				8F46B8A72BB8A869004EB91D /* MapView.swift */,
				8F80B5CF2BBB2C7500FF47D3 /* FavoriteButton.swift */,
			);
			path = Helpers;
			sourceTree = "<group>";
		};
		8F80B5D22BBB2E1700FF47D3 /* Landmarks */ = {
			isa = PBXGroup;
			children = (
				8F46B8B22BB8B3FF004EB91D /* LandmarkRow.swift */,
				8F46B8B42BB8B6E5004EB91D /* LandmarkList.swift */,
				8F46B8B62BB8B8D2004EB91D /* LandmarkDetail.swift */,
			);
			path = Landmarks;
			sourceTree = "<group>";
		};
/* End PBXGroup section */

/* Begin PBXNativeTarget section */
		8F46B8772BB8A1E3004EB91D /* landmarksJonahW */ = {
			isa = PBXNativeTarget;
			buildConfigurationList = 8F46B89C2BB8A1E6004EB91D /* Build configuration list for PBXNativeTarget "landmarksJonahW" */;
			buildPhases = (
				8F46B8742BB8A1E3004EB91D /* Sources */,
				8F46B8752BB8A1E3004EB91D /* Frameworks */,
				8F46B8762BB8A1E3004EB91D /* Resources */,
			);
			buildRules = (
			);
			dependencies = (
			);
			name = landmarksJonahW;
			productName = landmarksJonahW;
			productReference = 8F46B8782BB8A1E3004EB91D /* landmarksJonahW.app */;
			productType = "com.apple.product-type.application";
		};
		8F46B8872BB8A1E6004EB91D /* landmarksJonahWTests */ = {
			isa = PBXNativeTarget;
			buildConfigurationList = 8F46B89F2BB8A1E6004EB91D /* Build configuration list for PBXNativeTarget "landmarksJonahWTests" */;
			buildPhases = (
				8F46B8842BB8A1E6004EB91D /* Sources */,
				8F46B8852BB8A1E6004EB91D /* Frameworks */,
				8F46B8862BB8A1E6004EB91D /* Resources */,
			);
			buildRules = (
			);
			dependencies = (
				8F46B88A2BB8A1E6004EB91D /* PBXTargetDependency */,
			);
			name = landmarksJonahWTests;
			productName = landmarksJonahWTests;
			productReference = 8F46B8882BB8A1E6004EB91D /* landmarksJonahWTests.xctest */;
			productType = "com.apple.product-type.bundle.unit-test";
		};
		8F46B8912BB8A1E6004EB91D /* landmarksJonahWUITests */ = {
			isa = PBXNativeTarget;
			buildConfigurationList = 8F46B8A22BB8A1E6004EB91D /* Build configuration list for PBXNativeTarget "landmarksJonahWUITests" */;
			buildPhases = (
				8F46B88E2BB8A1E6004EB91D /* Sources */,
				8F46B88F2BB8A1E6004EB91D /* Frameworks */,
				8F46B8902BB8A1E6004EB91D /* Resources */,
			);
			buildRules = (
			);
			dependencies = (
				8F46B8942BB8A1E6004EB91D /* PBXTargetDependency */,
			);
			name = landmarksJonahWUITests;
			productName = landmarksJonahWUITests;
			productReference = 8F46B8922BB8A1E6004EB91D /* landmarksJonahWUITests.xctest */;
			productType = "com.apple.product-type.bundle.ui-testing";
		};
/* End PBXNativeTarget section */

/* Begin PBXProject section */
		8F46B8702BB8A1E3004EB91D /* Project object */ = {
			isa = PBXProject;
			attributes = {
				BuildIndependentTargetsInParallel = 1;
				LastSwiftUpdateCheck = 1530;
				LastUpgradeCheck = 1530;
				TargetAttributes = {
					8F46B8772BB8A1E3004EB91D = {
						CreatedOnToolsVersion = 15.3;
					};
					8F46B8872BB8A1E6004EB91D = {
						CreatedOnToolsVersion = 15.3;
						TestTargetID = 8F46B8772BB8A1E3004EB91D;
					};
					8F46B8912BB8A1E6004EB91D = {
						CreatedOnToolsVersion = 15.3;
						TestTargetID = 8F46B8772BB8A1E3004EB91D;
					};
				};
			};
			buildConfigurationList = 8F46B8732BB8A1E3004EB91D /* Build configuration list for PBXProject "landmarksJonahW" */;
			compatibilityVersion = "Xcode 14.0";
			developmentRegion = en;
			hasScannedForEncodings = 0;
			knownRegions = (
				en,
				Base,
			);
			mainGroup = 8F46B86F2BB8A1E3004EB91D;
			productRefGroup = 8F46B8792BB8A1E3004EB91D /* Products */;
			projectDirPath = "";
			projectRoot = "";
			targets = (
				8F46B8772BB8A1E3004EB91D /* landmarksJonahW */,
				8F46B8872BB8A1E6004EB91D /* landmarksJonahWTests */,
				8F46B8912BB8A1E6004EB91D /* landmarksJonahWUITests */,
			);
		};
/* End PBXProject section */

/* Begin PBXResourcesBuildPhase section */
		8F46B8762BB8A1E3004EB91D /* Resources */ = {
			isa = PBXResourcesBuildPhase;
			buildActionMask = 2147483647;
			files = (
				8F46B8832BB8A1E6004EB91D /* Preview Assets.xcassets in Resources */,
				8F46B8802BB8A1E6004EB91D /* Assets.xcassets in Resources */,
				8F46B8AA2BB8AD64004EB91D /* landmarkData.json in Resources */,
			);
			runOnlyForDeploymentPostprocessing = 0;
		};
		8F46B8862BB8A1E6004EB91D /* Resources */ = {
			isa = PBXResourcesBuildPhase;
			buildActionMask = 2147483647;
			files = (
			);
			runOnlyForDeploymentPostprocessing = 0;
		};
		8F46B8902BB8A1E6004EB91D /* Resources */ = {
			isa = PBXResourcesBuildPhase;
			buildActionMask = 2147483647;
			files = (
			);
			runOnlyForDeploymentPostprocessing = 0;
		};
/* End PBXResourcesBuildPhase section */

/* Begin PBXSourcesBuildPhase section */
		8F46B8742BB8A1E3004EB91D /* Sources */ = {
			isa = PBXSourcesBuildPhase;
			buildActionMask = 2147483647;
			files = (
				8F46B87E2BB8A1E3004EB91D /* ContentView.swift in Sources */,
				8F46B8A82BB8A869004EB91D /* MapView.swift in Sources */,
				8F46B87C2BB8A1E3004EB91D /* landmarksJonahWApp.swift in Sources */,
				8F80B5D02BBB2C7500FF47D3 /* FavoriteButton.swift in Sources */,
				8F46B8B52BB8B6E5004EB91D /* LandmarkList.swift in Sources */,
				8F46B8B72BB8B8D2004EB91D /* LandmarkDetail.swift in Sources */,
				8F46B8A62BB8A713004EB91D /* CircleImage.swift in Sources */,
				8F46B8AC2BB8ADA1004EB91D /* Landmark.swift in Sources */,
				8F46B8B32BB8B3FF004EB91D /* LandmarkRow.swift in Sources */,
				8F46B8AE2BB8AFBB004EB91D /* ModelData.swift in Sources */,
			);
			runOnlyForDeploymentPostprocessing = 0;
		};
		8F46B8842BB8A1E6004EB91D /* Sources */ = {
			isa = PBXSourcesBuildPhase;
			buildActionMask = 2147483647;
			files = (
				8F46B88D2BB8A1E6004EB91D /* landmarksJonahWTests.swift in Sources */,
			);
			runOnlyForDeploymentPostprocessing = 0;
		};
		8F46B88E2BB8A1E6004EB91D /* Sources */ = {
			isa = PBXSourcesBuildPhase;
			buildActionMask = 2147483647;
			files = (
				8F46B8972BB8A1E6004EB91D /* landmarksJonahWUITests.swift in Sources */,
				8F46B8992BB8A1E6004EB91D /* landmarksJonahWUITestsLaunchTests.swift in Sources */,
			);
			runOnlyForDeploymentPostprocessing = 0;
		};
/* End PBXSourcesBuildPhase section */

/* Begin PBXTargetDependency section */
		8F46B88A2BB8A1E6004EB91D /* PBXTargetDependency */ = {
			isa = PBXTargetDependency;
			target = 8F46B8772BB8A1E3004EB91D /* landmarksJonahW */;
			targetProxy = 8F46B8892BB8A1E6004EB91D /* PBXContainerItemProxy */;
		};
		8F46B8942BB8A1E6004EB91D /* PBXTargetDependency */ = {
			isa = PBXTargetDependency;
			target = 8F46B8772BB8A1E3004EB91D /* landmarksJonahW */;
			targetProxy = 8F46B8932BB8A1E6004EB91D /* PBXContainerItemProxy */;
		};
/* End PBXTargetDependency section */

/* Begin XCBuildConfiguration section */
		8F46B89A2BB8A1E6004EB91D /* Debug */ = {
			isa = XCBuildConfiguration;
			buildSettings = {
				ALWAYS_SEARCH_USER_PATHS = NO;
				ASSETCATALOG_COMPILER_GENERATE_SWIFT_ASSET_SYMBOL_EXTENSIONS = YES;
				CLANG_ANALYZER_NONNULL = YES;
				CLANG_ANALYZER_NUMBER_OBJECT_CONVERSION = YES_AGGRESSIVE;
				CLANG_CXX_LANGUAGE_STANDARD = "gnu++20";
				CLANG_ENABLE_MODULES = YES;
				CLANG_ENABLE_OBJC_ARC = YES;
				CLANG_ENABLE_OBJC_WEAK = YES;
				CLANG_WARN_BLOCK_CAPTURE_AUTORELEASING = YES;
				CLANG_WARN_BOOL_CONVERSION = YES;
				CLANG_WARN_COMMA = YES;
				CLANG_WARN_CONSTANT_CONVERSION = YES;
				CLANG_WARN_DEPRECATED_OBJC_IMPLEMENTATIONS = YES;
				CLANG_WARN_DIRECT_OBJC_ISA_USAGE = YES_ERROR;
				CLANG_WARN_DOCUMENTATION_COMMENTS = YES;
				CLANG_WARN_EMPTY_BODY = YES;
				CLANG_WARN_ENUM_CONVERSION = YES;
				CLANG_WARN_INFINITE_RECURSION = YES;
				CLANG_WARN_INT_CONVERSION = YES;
				CLANG_WARN_NON_LITERAL_NULL_CONVERSION = YES;
				CLANG_WARN_OBJC_IMPLICIT_RETAIN_SELF = YES;
				CLANG_WARN_OBJC_LITERAL_CONVERSION = YES;
				CLANG_WARN_OBJC_ROOT_CLASS = YES_ERROR;
				CLANG_WARN_QUOTED_INCLUDE_IN_FRAMEWORK_HEADER = YES;
				CLANG_WARN_RANGE_LOOP_ANALYSIS = YES;
				CLANG_WARN_STRICT_PROTOTYPES = YES;
				CLANG_WARN_SUSPICIOUS_MOVE = YES;
				CLANG_WARN_UNGUARDED_AVAILABILITY = YES_AGGRESSIVE;
				CLANG_WARN_UNREACHABLE_CODE = YES;
				CLANG_WARN__DUPLICATE_METHOD_MATCH = YES;
				COPY_PHASE_STRIP = NO;
				DEBUG_INFORMATION_FORMAT = dwarf;
				ENABLE_STRICT_OBJC_MSGSEND = YES;
				ENABLE_TESTABILITY = YES;
				ENABLE_USER_SCRIPT_SANDBOXING = YES;
				GCC_C_LANGUAGE_STANDARD = gnu17;
				GCC_DYNAMIC_NO_PIC = NO;
				GCC_NO_COMMON_BLOCKS = YES;
				GCC_OPTIMIZATION_LEVEL = 0;
				GCC_PREPROCESSOR_DEFINITIONS = (
					"DEBUG=1",
					"$(inherited)",
				);
				GCC_WARN_64_TO_32_BIT_CONVERSION = YES;
				GCC_WARN_ABOUT_RETURN_TYPE = YES_ERROR;
				GCC_WARN_UNDECLARED_SELECTOR = YES;
				GCC_WARN_UNINITIALIZED_AUTOS = YES_AGGRESSIVE;
				GCC_WARN_UNUSED_FUNCTION = YES;
				GCC_WARN_UNUSED_VARIABLE = YES;
				IPHONEOS_DEPLOYMENT_TARGET = 17.4;
				LOCALIZATION_PREFERS_STRING_CATALOGS = YES;
				MTL_ENABLE_DEBUG_INFO = INCLUDE_SOURCE;
				MTL_FAST_MATH = YES;
				ONLY_ACTIVE_ARCH = YES;
				SDKROOT = iphoneos;
				SWIFT_ACTIVE_COMPILATION_CONDITIONS = "DEBUG $(inherited)";
				SWIFT_OPTIMIZATION_LEVEL = "-Onone";
			};
			name = Debug;
		};
		8F46B89B2BB8A1E6004EB91D /* Release */ = {
			isa = XCBuildConfiguration;
			buildSettings = {
				ALWAYS_SEARCH_USER_PATHS = NO;
				ASSETCATALOG_COMPILER_GENERATE_SWIFT_ASSET_SYMBOL_EXTENSIONS = YES;
				CLANG_ANALYZER_NONNULL = YES;
				CLANG_ANALYZER_NUMBER_OBJECT_CONVERSION = YES_AGGRESSIVE;
				CLANG_CXX_LANGUAGE_STANDARD = "gnu++20";
				CLANG_ENABLE_MODULES = YES;
				CLANG_ENABLE_OBJC_ARC = YES;
				CLANG_ENABLE_OBJC_WEAK = YES;
				CLANG_WARN_BLOCK_CAPTURE_AUTORELEASING = YES;
				CLANG_WARN_BOOL_CONVERSION = YES;
				CLANG_WARN_COMMA = YES;
				CLANG_WARN_CONSTANT_CONVERSION = YES;
				CLANG_WARN_DEPRECATED_OBJC_IMPLEMENTATIONS = YES;
				CLANG_WARN_DIRECT_OBJC_ISA_USAGE = YES_ERROR;
				CLANG_WARN_DOCUMENTATION_COMMENTS = YES;
				CLANG_WARN_EMPTY_BODY = YES;
				CLANG_WARN_ENUM_CONVERSION = YES;
				CLANG_WARN_INFINITE_RECURSION = YES;
				CLANG_WARN_INT_CONVERSION = YES;
				CLANG_WARN_NON_LITERAL_NULL_CONVERSION = YES;
				CLANG_WARN_OBJC_IMPLICIT_RETAIN_SELF = YES;
				CLANG_WARN_OBJC_LITERAL_CONVERSION = YES;
				CLANG_WARN_OBJC_ROOT_CLASS = YES_ERROR;
				CLANG_WARN_QUOTED_INCLUDE_IN_FRAMEWORK_HEADER = YES;
				CLANG_WARN_RANGE_LOOP_ANALYSIS = YES;
				CLANG_WARN_STRICT_PROTOTYPES = YES;
				CLANG_WARN_SUSPICIOUS_MOVE = YES;
				CLANG_WARN_UNGUARDED_AVAILABILITY = YES_AGGRESSIVE;
				CLANG_WARN_UNREACHABLE_CODE = YES;
				CLANG_WARN__DUPLICATE_METHOD_MATCH = YES;
				COPY_PHASE_STRIP = NO;
				DEBUG_INFORMATION_FORMAT = "dwarf-with-dsym";
				ENABLE_NS_ASSERTIONS = NO;
				ENABLE_STRICT_OBJC_MSGSEND = YES;
				ENABLE_USER_SCRIPT_SANDBOXING = YES;
				GCC_C_LANGUAGE_STANDARD = gnu17;
				GCC_NO_COMMON_BLOCKS = YES;
				GCC_WARN_64_TO_32_BIT_CONVERSION = YES;
				GCC_WARN_ABOUT_RETURN_TYPE = YES_ERROR;
				GCC_WARN_UNDECLARED_SELECTOR = YES;
				GCC_WARN_UNINITIALIZED_AUTOS = YES_AGGRESSIVE;
				GCC_WARN_UNUSED_FUNCTION = YES;
				GCC_WARN_UNUSED_VARIABLE = YES;
				IPHONEOS_DEPLOYMENT_TARGET = 17.4;
				LOCALIZATION_PREFERS_STRING_CATALOGS = YES;
				MTL_ENABLE_DEBUG_INFO = NO;
				MTL_FAST_MATH = YES;
				SDKROOT = iphoneos;
				SWIFT_COMPILATION_MODE = wholemodule;
				VALIDATE_PRODUCT = YES;
			};
			name = Release;
		};
		8F46B89D2BB8A1E6004EB91D /* Debug */ = {
			isa = XCBuildConfiguration;
			buildSettings = {
				ASSETCATALOG_COMPILER_APPICON_NAME = AppIcon;
				ASSETCATALOG_COMPILER_GLOBAL_ACCENT_COLOR_NAME = AccentColor;
				CODE_SIGN_STYLE = Automatic;
				CURRENT_PROJECT_VERSION = 1;
				DEVELOPMENT_ASSET_PATHS = "\"landmarksJonahW/Preview Content\"";
				DEVELOPMENT_TEAM = QF832KA9R8;
				ENABLE_PREVIEWS = YES;
				GENERATE_INFOPLIST_FILE = YES;
				INFOPLIST_KEY_UIApplicationSceneManifest_Generation = YES;
				INFOPLIST_KEY_UIApplicationSupportsIndirectInputEvents = YES;
				INFOPLIST_KEY_UILaunchScreen_Generation = YES;
				INFOPLIST_KEY_UISupportedInterfaceOrientations_iPad = "UIInterfaceOrientationPortrait UIInterfaceOrientationPortraitUpsideDown UIInterfaceOrientationLandscapeLeft UIInterfaceOrientationLandscapeRight";
				INFOPLIST_KEY_UISupportedInterfaceOrientations_iPhone = "UIInterfaceOrientationPortrait UIInterfaceOrientationLandscapeLeft UIInterfaceOrientationLandscapeRight";
				LD_RUNPATH_SEARCH_PATHS = (
					"$(inherited)",
					"@executable_path/Frameworks",
				);
				MARKETING_VERSION = 1.0;
				PRODUCT_BUNDLE_IDENTIFIER = com.jonahwhitney.landmarksJonahW;
				PRODUCT_NAME = "$(TARGET_NAME)";
				SWIFT_EMIT_LOC_STRINGS = YES;
				SWIFT_VERSION = 5.0;
				TARGETED_DEVICE_FAMILY = "1,2";
			};
			name = Debug;
		};
		8F46B89E2BB8A1E6004EB91D /* Release */ = {
			isa = XCBuildConfiguration;
			buildSettings = {
				ASSETCATALOG_COMPILER_APPICON_NAME = AppIcon;
				ASSETCATALOG_COMPILER_GLOBAL_ACCENT_COLOR_NAME = AccentColor;
				CODE_SIGN_STYLE = Automatic;
				CURRENT_PROJECT_VERSION = 1;
				DEVELOPMENT_ASSET_PATHS = "\"landmarksJonahW/Preview Content\"";
				DEVELOPMENT_TEAM = QF832KA9R8;
				ENABLE_PREVIEWS = YES;
				GENERATE_INFOPLIST_FILE = YES;
				INFOPLIST_KEY_UIApplicationSceneManifest_Generation = YES;
				INFOPLIST_KEY_UIApplicationSupportsIndirectInputEvents = YES;
				INFOPLIST_KEY_UILaunchScreen_Generation = YES;
				INFOPLIST_KEY_UISupportedInterfaceOrientations_iPad = "UIInterfaceOrientationPortrait UIInterfaceOrientationPortraitUpsideDown UIInterfaceOrientationLandscapeLeft UIInterfaceOrientationLandscapeRight";
				INFOPLIST_KEY_UISupportedInterfaceOrientations_iPhone = "UIInterfaceOrientationPortrait UIInterfaceOrientationLandscapeLeft UIInterfaceOrientationLandscapeRight";
				LD_RUNPATH_SEARCH_PATHS = (
					"$(inherited)",
					"@executable_path/Frameworks",
				);
				MARKETING_VERSION = 1.0;
				PRODUCT_BUNDLE_IDENTIFIER = com.jonahwhitney.landmarksJonahW;
				PRODUCT_NAME = "$(TARGET_NAME)";
				SWIFT_EMIT_LOC_STRINGS = YES;
				SWIFT_VERSION = 5.0;
				TARGETED_DEVICE_FAMILY = "1,2";
			};
			name = Release;
		};
		8F46B8A02BB8A1E6004EB91D /* Debug */ = {
			isa = XCBuildConfiguration;
			buildSettings = {
				ALWAYS_EMBED_SWIFT_STANDARD_LIBRARIES = YES;
				BUNDLE_LOADER = "$(TEST_HOST)";
				CODE_SIGN_STYLE = Automatic;
				CURRENT_PROJECT_VERSION = 1;
				DEVELOPMENT_TEAM = QF832KA9R8;
				GENERATE_INFOPLIST_FILE = YES;
				IPHONEOS_DEPLOYMENT_TARGET = 17.4;
				MARKETING_VERSION = 1.0;
				PRODUCT_BUNDLE_IDENTIFIER = com.jonahwhitney.landmarksJonahWTests;
				PRODUCT_NAME = "$(TARGET_NAME)";
				SWIFT_EMIT_LOC_STRINGS = NO;
				SWIFT_VERSION = 5.0;
				TARGETED_DEVICE_FAMILY = "1,2";
				TEST_HOST = "$(BUILT_PRODUCTS_DIR)/landmarksJonahW.app/$(BUNDLE_EXECUTABLE_FOLDER_PATH)/landmarksJonahW";
			};
			name = Debug;
		};
		8F46B8A12BB8A1E6004EB91D /* Release */ = {
			isa = XCBuildConfiguration;
			buildSettings = {
				ALWAYS_EMBED_SWIFT_STANDARD_LIBRARIES = YES;
				BUNDLE_LOADER = "$(TEST_HOST)";
				CODE_SIGN_STYLE = Automatic;
				CURRENT_PROJECT_VERSION = 1;
				DEVELOPMENT_TEAM = QF832KA9R8;
				GENERATE_INFOPLIST_FILE = YES;
				IPHONEOS_DEPLOYMENT_TARGET = 17.4;
				MARKETING_VERSION = 1.0;
				PRODUCT_BUNDLE_IDENTIFIER = com.jonahwhitney.landmarksJonahWTests;
				PRODUCT_NAME = "$(TARGET_NAME)";
				SWIFT_EMIT_LOC_STRINGS = NO;
				SWIFT_VERSION = 5.0;
				TARGETED_DEVICE_FAMILY = "1,2";
				TEST_HOST = "$(BUILT_PRODUCTS_DIR)/landmarksJonahW.app/$(BUNDLE_EXECUTABLE_FOLDER_PATH)/landmarksJonahW";
			};
			name = Release;
		};
		8F46B8A32BB8A1E6004EB91D /* Debug */ = {
			isa = XCBuildConfiguration;
			buildSettings = {
				ALWAYS_EMBED_SWIFT_STANDARD_LIBRARIES = YES;
				CODE_SIGN_STYLE = Automatic;
				CURRENT_PROJECT_VERSION = 1;
				DEVELOPMENT_TEAM = QF832KA9R8;
				GENERATE_INFOPLIST_FILE = YES;
				MARKETING_VERSION = 1.0;
				PRODUCT_BUNDLE_IDENTIFIER = com.jonahwhitney.landmarksJonahWUITests;
				PRODUCT_NAME = "$(TARGET_NAME)";
				SWIFT_EMIT_LOC_STRINGS = NO;
				SWIFT_VERSION = 5.0;
				TARGETED_DEVICE_FAMILY = "1,2";
				TEST_TARGET_NAME = landmarksJonahW;
			};
			name = Debug;
		};
		8F46B8A42BB8A1E6004EB91D /* Release */ = {
			isa = XCBuildConfiguration;
			buildSettings = {
				ALWAYS_EMBED_SWIFT_STANDARD_LIBRARIES = YES;
				CODE_SIGN_STYLE = Automatic;
				CURRENT_PROJECT_VERSION = 1;
				DEVELOPMENT_TEAM = QF832KA9R8;
				GENERATE_INFOPLIST_FILE = YES;
				MARKETING_VERSION = 1.0;
				PRODUCT_BUNDLE_IDENTIFIER = com.jonahwhitney.landmarksJonahWUITests;
				PRODUCT_NAME = "$(TARGET_NAME)";
				SWIFT_EMIT_LOC_STRINGS = NO;
				SWIFT_VERSION = 5.0;
				TARGETED_DEVICE_FAMILY = "1,2";
				TEST_TARGET_NAME = landmarksJonahW;
			};
			name = Release;
		};
/* End XCBuildConfiguration section */

/* Begin XCConfigurationList section */
		8F46B8732BB8A1E3004EB91D /* Build configuration list for PBXProject "landmarksJonahW" */ = {
			isa = XCConfigurationList;
			buildConfigurations = (
				8F46B89A2BB8A1E6004EB91D /* Debug */,
				8F46B89B2BB8A1E6004EB91D /* Release */,
			);
			defaultConfigurationIsVisible = 0;
			defaultConfigurationName = Release;
		};
		8F46B89C2BB8A1E6004EB91D /* Build configuration list for PBXNativeTarget "landmarksJonahW" */ = {
			isa = XCConfigurationList;
			buildConfigurations = (
				8F46B89D2BB8A1E6004EB91D /* Debug */,
				8F46B89E2BB8A1E6004EB91D /* Release */,
			);
			defaultConfigurationIsVisible = 0;
			defaultConfigurationName = Release;
		};
		8F46B89F2BB8A1E6004EB91D /* Build configuration list for PBXNativeTarget "landmarksJonahWTests" */ = {
			isa = XCConfigurationList;
			buildConfigurations = (
				8F46B8A02BB8A1E6004EB91D /* Debug */,
				8F46B8A12BB8A1E6004EB91D /* Release */,
			);
			defaultConfigurationIsVisible = 0;
			defaultConfigurationName = Release;
		};
		8F46B8A22BB8A1E6004EB91D /* Build configuration list for PBXNativeTarget "landmarksJonahWUITests" */ = {
			isa = XCConfigurationList;
			buildConfigurations = (
				8F46B8A32BB8A1E6004EB91D /* Debug */,
				8F46B8A42BB8A1E6004EB91D /* Release */,
			);
			defaultConfigurationIsVisible = 0;
			defaultConfigurationName = Release;
		};
/* End XCConfigurationList section */
	};
	rootObject = 8F46B8702BB8A1E3004EB91D /* Project object */;
}
